
Microsoft Visual Studio Solution File, Format Version 11.00
# Visual Studio 2010
Project("{FAE04EC0-301F-11D3-BF4B-00C04F79EFBC}") = "Listener.Web", "Listener.Web\Listener.Web.csproj", "{7931F259-CF4F-4D5B-BF4C-4FA81C3E556F}"
EndProject
Project("{FAE04EC0-301F-11D3-BF4B-00C04F79EFBC}") = "Listener.DTO", "Listener.DTO\Listener.DTO.csproj", "{65587355-079E-4BB5-B1B0-35B4CCDF1033}"
EndProject
Project("{FAE04EC0-301F-11D3-BF4B-00C04F79EFBC}") = "Listener.BLL", "Listener.BLL\Listener.BLL.csproj", "{BAA0E516-D120-4F00-8943-842EE86D7DEA}"
EndProject
Project("{FAE04EC0-301F-11D3-BF4B-00C04F79EFBC}") = "Listener.DAL", "Listener.DAL\Listener.DAL.csproj", "{CDA1E0A9-7E58-4FA8-8249-26D6939D0A43}"
EndProject
Project("{FAE04EC0-301F-11D3-BF4B-00C04F79EFBC}") = "Listener.Console", "Listener.Console\Listener.Console.csproj", "{17BC1487-D1D1-49C2-B744-4CCBE87A22DC}"
EndProject
Project("{FAE04EC0-301F-11D3-BF4B-00C04F79EFBC}") = "Listener.Service", "Listener.Service\Listener.Service.csproj", "{29B75851-BCC6-4692-8B48-474DA9AF25F8}"
EndProject
Project("{54435603-DBB4-11D2-8724-00A0C9A8B90C}") = "ListenerGPSSetup", "ListenerGPSSetup\ListenerGPSSetup.vdproj", "{D3DBEFB8-D5E1-47F3-B541-F2EE4EAB47F2}"
EndProject
Global
	GlobalSection(SolutionConfigurationPlatforms) = preSolution
		Debug|Any CPU = Debug|Any CPU
		Debug|Mixed Platforms = Debug|Mixed Platforms
		Debug|x86 = Debug|x86
		Release|Any CPU = Release|Any CPU
		Release|Mixed Platforms = Release|Mixed Platforms
		Release|x86 = Release|x86
	EndGlobalSection
	GlobalSection(ProjectConfigurationPlatforms) = postSolution
		{7931F259-CF4F-4D5B-BF4C-4FA81C3E556F}.Debug|Any CPU.ActiveCfg = Debug|Any CPU
		{7931F259-CF4F-4D5B-BF4C-4FA81C3E556F}.Debug|Any CPU.Build.0 = Debug|Any CPU
		{7931F259-CF4F-4D5B-BF4C-4FA81C3E556F}.Debug|Mixed Platforms.ActiveCfg = Debug|Any CPU
		{7931F259-CF4F-4D5B-BF4C-4FA81C3E556F}.Debug|Mixed Platforms.Build.0 = Debug|Any CPU
		{7931F259-CF4F-4D5B-BF4C-4FA81C3E556F}.Debug|x86.ActiveCfg = Debug|Any CPU
		{7931F259-CF4F-4D5B-BF4C-4FA81C3E556F}.Release|Any CPU.ActiveCfg = Release|Any CPU
		{7931F259-CF4F-4D5B-BF4C-4FA81C3E556F}.Release|Any CPU.Build.0 = Release|Any CPU
		{7931F259-CF4F-4D5B-BF4C-4FA81C3E556F}.Release|Mixed Platforms.ActiveCfg = Release|Any CPU
		{7931F259-CF4F-4D5B-BF4C-4FA81C3E556F}.Release|Mixed Platforms.Build.0 = Release|Any CPU
		{7931F259-CF4F-4D5B-BF4C-4FA81C3E556F}.Release|x86.ActiveCfg = Release|Any CPU
		{65587355-079E-4BB5-B1B0-35B4CCDF1033}.Debug|Any CPU.ActiveCfg = Debug|Any CPU
		{65587355-079E-4BB5-B1B0-35B4CCDF1033}.Debug|Any CPU.Build.0 = Debug|Any CPU
		{65587355-079E-4BB5-B1B0-35B4CCDF1033}.Debug|Mixed Platforms.ActiveCfg = Debug|Any CPU
		{65587355-079E-4BB5-B1B0-35B4CCDF1033}.Debug|Mixed Platforms.Build.0 = Debug|Any CPU
		{65587355-079E-4BB5-B1B0-35B4CCDF1033}.Debug|x86.ActiveCfg = Debug|Any CPU
		{65587355-079E-4BB5-B1B0-35B4CCDF1033}.Release|Any CPU.ActiveCfg = Release|Any CPU
		{65587355-079E-4BB5-B1B0-35B4CCDF1033}.Release|Any CPU.Build.0 = Release|Any CPU
		{65587355-079E-4BB5-B1B0-35B4CCDF1033}.Release|Mixed Platforms.ActiveCfg = Release|Any CPU
		{65587355-079E-4BB5-B1B0-35B4CCDF1033}.Release|Mixed Platforms.Build.0 = Release|Any CPU
		{65587355-079E-4BB5-B1B0-35B4CCDF1033}.Release|x86.ActiveCfg = Release|Any CPU
		{BAA0E516-D120-4F00-8943-842EE86D7DEA}.Debug|Any CPU.ActiveCfg = Debug|Any CPU
		{BAA0E516-D120-4F00-8943-842EE86D7DEA}.Debug|Any CPU.Build.0 = Debug|Any CPU
		{BAA0E516-D120-4F00-8943-842EE86D7DEA}.Debug|Mixed Platforms.ActiveCfg = Debug|Any CPU
		{BAA0E516-D120-4F00-8943-842EE86D7DEA}.Debug|Mixed Platforms.Build.0 = Debug|Any CPU
		{BAA0E516-D120-4F00-8943-842EE86D7DEA}.Debug|x86.ActiveCfg = Debug|Any CPU
		{BAA0E516-D120-4F00-8943-842EE86D7DEA}.Release|Any CPU.ActiveCfg = Release|Any CPU
		{BAA0E516-D120-4F00-8943-842EE86D7DEA}.Release|Any CPU.Build.0 = Release|Any CPU
		{BAA0E516-D120-4F00-8943-842EE86D7DEA}.Release|Mixed Platforms.ActiveCfg = Release|Any CPU
		{BAA0E516-D120-4F00-8943-842EE86D7DEA}.Release|Mixed Platforms.Build.0 = Release|Any CPU
		{BAA0E516-D120-4F00-8943-842EE86D7DEA}.Release|x86.ActiveCfg = Release|Any CPU
		{CDA1E0A9-7E58-4FA8-8249-26D6939D0A43}.Debug|Any CPU.ActiveCfg = Debug|Any CPU
		{CDA1E0A9-7E58-4FA8-8249-26D6939D0A43}.Debug|Any CPU.Build.0 = Debug|Any CPU
		{CDA1E0A9-7E58-4FA8-8249-26D6939D0A43}.Debug|Mixed Platforms.ActiveCfg = Debug|Any CPU
		{CDA1E0A9-7E58-4FA8-8249-26D6939D0A43}.Debug|Mixed Platforms.Build.0 = Debug|Any CPU
		{CDA1E0A9-7E58-4FA8-8249-26D6939D0A43}.Debug|x86.ActiveCfg = Debug|Any CPU
		{CDA1E0A9-7E58-4FA8-8249-26D6939D0A43}.Release|Any CPU.ActiveCfg = Release|Any CPU
		{CDA1E0A9-7E58-4FA8-8249-26D6939D0A43}.Release|Any CPU.Build.0 = Release|Any CPU
		{CDA1E0A9-7E58-4FA8-8249-26D6939D0A43}.Release|Mixed Platforms.ActiveCfg = Release|Any CPU
		{CDA1E0A9-7E58-4FA8-8249-26D6939D0A43}.Release|Mixed Platforms.Build.0 = Release|Any CPU
		{CDA1E0A9-7E58-4FA8-8249-26D6939D0A43}.Release|x86.ActiveCfg = Release|Any CPU
		{17BC1487-D1D1-49C2-B744-4CCBE87A22DC}.Debug|Any CPU.ActiveCfg = Debug|x86
		{17BC1487-D1D1-49C2-B744-4CCBE87A22DC}.Debug|Mixed Platforms.ActiveCfg = Debug|x86
		{17BC1487-D1D1-49C2-B744-4CCBE87A22DC}.Debug|Mixed Platforms.Build.0 = Debug|x86
		{17BC1487-D1D1-49C2-B744-4CCBE87A22DC}.Debug|x86.ActiveCfg = Debug|x86
		{17BC1487-D1D1-49C2-B744-4CCBE87A22DC}.Debug|x86.Build.0 = Debug|x86
		{17BC1487-D1D1-49C2-B744-4CCBE87A22DC}.Release|Any CPU.ActiveCfg = Release|x86
		{17BC1487-D1D1-49C2-B744-4CCBE87A22DC}.Release|Mixed Platforms.ActiveCfg = Release|x86
		{17BC1487-D1D1-49C2-B744-4CCBE87A22DC}.Release|Mixed Platforms.Build.0 = Release|x86
		{17BC1487-D1D1-49C2-B744-4CCBE87A22DC}.Release|x86.ActiveCfg = Release|x86
		{17BC1487-D1D1-49C2-B744-4CCBE87A22DC}.Release|x86.Build.0 = Release|x86
		{29B75851-BCC6-4692-8B48-474DA9AF25F8}.Debug|Any CPU.ActiveCfg = Debug|x86
		{29B75851-BCC6-4692-8B48-474DA9AF25F8}.Debug|Mixed Platforms.ActiveCfg = Debug|x86
		{29B75851-BCC6-4692-8B48-474DA9AF25F8}.Debug|Mixed Platforms.Build.0 = Debug|x86
		{29B75851-BCC6-4692-8B48-474DA9AF25F8}.Debug|x86.ActiveCfg = Debug|x86
		{29B75851-BCC6-4692-8B48-474DA9AF25F8}.Debug|x86.Build.0 = Debug|x86
		{29B75851-BCC6-4692-8B48-474DA9AF25F8}.Release|Any CPU.ActiveCfg = Release|x86
		{29B75851-BCC6-4692-8B48-474DA9AF25F8}.Release|Mixed Platforms.ActiveCfg = Release|x86
		{29B75851-BCC6-4692-8B48-474DA9AF25F8}.Release|Mixed Platforms.Build.0 = Release|x86
		{29B75851-BCC6-4692-8B48-474DA9AF25F8}.Release|x86.ActiveCfg = Release|x86
		{29B75851-BCC6-4692-8B48-474DA9AF25F8}.Release|x86.Build.0 = Release|x86
		{D3DBEFB8-D5E1-47F3-B541-F2EE4EAB47F2}.Debug|Any CPU.ActiveCfg = Debug
		{D3DBEFB8-D5E1-47F3-B541-F2EE4EAB47F2}.Debug|Mixed Platforms.ActiveCfg = Debug
		{D3DBEFB8-D5E1-47F3-B541-F2EE4EAB47F2}.Debug|x86.ActiveCfg = Debug
		{D3DBEFB8-D5E1-47F3-B541-F2EE4EAB47F2}.Release|Any CPU.ActiveCfg = Release
		{D3DBEFB8-D5E1-47F3-B541-F2EE4EAB47F2}.Release|Mixed Platforms.ActiveCfg = Release
		{D3DBEFB8-D5E1-47F3-B541-F2EE4EAB47F2}.Release|x86.ActiveCfg = Release
	EndGlobalSection
	GlobalSection(SolutionProperties) = preSolution
		HideSolutionNode = FALSE
	EndGlobalSection
EndGlobal
